// !$*UTF8*$!
{
	archiveVersion = 1;
	classes = {
	};
	objectVersion = 56;
	objects = {

/* Begin PBXBuildFile section */
		360FDC7F2B2BAF6D0062B8D2 /* CharacterDetailView.swift in Sources */ = {isa = PBXBuildFile; fileRef = 360FDC7E2B2BAF6D0062B8D2 /* CharacterDetailView.swift */; };
		360FDC812B2BEDEE0062B8D2 /* Color+ColorName.swift in Sources */ = {isa = PBXBuildFile; fileRef = 360FDC802B2BEDEE0062B8D2 /* Color+ColorName.swift */; };
		3641E8FD2B2CE94B00B51114 /* SearchCharacterListRepositoryType.swift in Sources */ = {isa = PBXBuildFile; fileRef = 3641E8FC2B2CE94B00B51114 /* SearchCharacterListRepositoryType.swift */; };
		3641E8FF2B2CE9A000B51114 /* SearchCharacterListUseCase.swift in Sources */ = {isa = PBXBuildFile; fileRef = 3641E8FE2B2CE9A000B51114 /* SearchCharacterListUseCase.swift */; };
		3641E9022B2CEACF00B51114 /* SearchCharacterListRepository.swift in Sources */ = {isa = PBXBuildFile; fileRef = 3641E9012B2CEACF00B51114 /* SearchCharacterListRepository.swift */; };
		3641E9052B2CEBF000B51114 /* SearchCharacterListDataSourceType.swift in Sources */ = {isa = PBXBuildFile; fileRef = 3641E9042B2CEBF000B51114 /* SearchCharacterListDataSourceType.swift */; };
		3641E9072B2CEBF800B51114 /* SearchCharacterListDataSource.swift in Sources */ = {isa = PBXBuildFile; fileRef = 3641E9062B2CEBF800B51114 /* SearchCharacterListDataSource.swift */; };
		3641E9092B2DEAB700B51114 /* Image+AssetName.swift in Sources */ = {isa = PBXBuildFile; fileRef = 3641E9082B2DEAB700B51114 /* Image+AssetName.swift */; };
		3641E90B2B2DEFCE00B51114 /* EmptyListView.swift in Sources */ = {isa = PBXBuildFile; fileRef = 3641E90A2B2DEFCE00B51114 /* EmptyListView.swift */; };
		36C876D52B2A68E00020AA76 /* Rick_and_Morty_VASSApp.swift in Sources */ = {isa = PBXBuildFile; fileRef = 36C876D42B2A68E00020AA76 /* Rick_and_Morty_VASSApp.swift */; };
		36C876D92B2A68E10020AA76 /* Assets.xcassets in Resources */ = {isa = PBXBuildFile; fileRef = 36C876D82B2A68E10020AA76 /* Assets.xcassets */; };
		36C876DC2B2A68E10020AA76 /* Preview Assets.xcassets in Resources */ = {isa = PBXBuildFile; fileRef = 36C876DB2B2A68E10020AA76 /* Preview Assets.xcassets */; };
		36C876E62B2A68E10020AA76 /* Rick_and_Morty_VASSTests.swift in Sources */ = {isa = PBXBuildFile; fileRef = 36C876E52B2A68E10020AA76 /* Rick_and_Morty_VASSTests.swift */; };
		36C876F02B2A68E10020AA76 /* Rick_and_Morty_VASSUITests.swift in Sources */ = {isa = PBXBuildFile; fileRef = 36C876EF2B2A68E10020AA76 /* Rick_and_Morty_VASSUITests.swift */; };
		36C876F22B2A68E10020AA76 /* Rick_and_Morty_VASSUITestsLaunchTests.swift in Sources */ = {isa = PBXBuildFile; fileRef = 36C876F12B2A68E10020AA76 /* Rick_and_Morty_VASSUITestsLaunchTests.swift */; };
		36C877092B2A6BA40020AA76 /* URLSessionRequestMaker.swift in Sources */ = {isa = PBXBuildFile; fileRef = 36C877082B2A6BA40020AA76 /* URLSessionRequestMaker.swift */; };
		36C877132B2A6DA00020AA76 /* Endpoint.swift in Sources */ = {isa = PBXBuildFile; fileRef = 36C877122B2A6DA00020AA76 /* Endpoint.swift */; };
		36C877152B2A6DDA0020AA76 /* HTTPMethod.swift in Sources */ = {isa = PBXBuildFile; fileRef = 36C877142B2A6DDA0020AA76 /* HTTPMethod.swift */; };
		36C877172B2A6DFC0020AA76 /* HTTPClientError.swift in Sources */ = {isa = PBXBuildFile; fileRef = 36C877162B2A6DFC0020AA76 /* HTTPClientError.swift */; };
		36C877192B2A6EB60020AA76 /* URLSessionHTTPClient.swift in Sources */ = {isa = PBXBuildFile; fileRef = 36C877182B2A6EB60020AA76 /* URLSessionHTTPClient.swift */; };
		36C8771B2B2A6EF40020AA76 /* HTTPClient.swift in Sources */ = {isa = PBXBuildFile; fileRef = 36C8771A2B2A6EF40020AA76 /* HTTPClient.swift */; };
		36C8771D2B2A6F7A0020AA76 /* APICharactersListDataSourceType.swift in Sources */ = {isa = PBXBuildFile; fileRef = 36C8771C2B2A6F7A0020AA76 /* APICharactersListDataSourceType.swift */; };
		36C8771F2B2A6F820020AA76 /* APICharactersListDataSource.swift in Sources */ = {isa = PBXBuildFile; fileRef = 36C8771E2B2A6F820020AA76 /* APICharactersListDataSource.swift */; };
		36C877212B2A6FCE0020AA76 /* CharactersListResponse.swift in Sources */ = {isa = PBXBuildFile; fileRef = 36C877202B2A6FCE0020AA76 /* CharactersListResponse.swift */; };
		36C877232B2A72410020AA76 /* Foundation+Extension.swift in Sources */ = {isa = PBXBuildFile; fileRef = 36C877222B2A72410020AA76 /* Foundation+Extension.swift */; };
		36C877262B2A730A0020AA76 /* CharacterListRepository.swift in Sources */ = {isa = PBXBuildFile; fileRef = 36C877252B2A730A0020AA76 /* CharacterListRepository.swift */; };
		36C877282B2A731C0020AA76 /* CharacterListDomainErrorMapper.swift in Sources */ = {isa = PBXBuildFile; fileRef = 36C877272B2A731C0020AA76 /* CharacterListDomainErrorMapper.swift */; };
		36C8772A2B2A735D0020AA76 /* CharacterListDomainError.swift in Sources */ = {isa = PBXBuildFile; fileRef = 36C877292B2A735D0020AA76 /* CharacterListDomainError.swift */; };
		36C8772C2B2A74220020AA76 /* CharacterListRepositoryType.swift in Sources */ = {isa = PBXBuildFile; fileRef = 36C8772B2B2A74220020AA76 /* CharacterListRepositoryType.swift */; };
		36C8772E2B2A751B0020AA76 /* CharacterListUseCase.swift in Sources */ = {isa = PBXBuildFile; fileRef = 36C8772D2B2A751B0020AA76 /* CharacterListUseCase.swift */; };
		36C877312B2A75EF0020AA76 /* CharacterListView.swift in Sources */ = {isa = PBXBuildFile; fileRef = 36C877302B2A75EF0020AA76 /* CharacterListView.swift */; };
		36C877332B2A76020020AA76 /* CharacterListViewModel.swift in Sources */ = {isa = PBXBuildFile; fileRef = 36C877322B2A76020020AA76 /* CharacterListViewModel.swift */; };
		36C877352B2A781A0020AA76 /* CharacterListFactory.swift in Sources */ = {isa = PBXBuildFile; fileRef = 36C877342B2A781A0020AA76 /* CharacterListFactory.swift */; };
		36C877382B2B77820020AA76 /* CharacterItem.swift in Sources */ = {isa = PBXBuildFile; fileRef = 36C877372B2B77820020AA76 /* CharacterItem.swift */; };
/* End PBXBuildFile section */

/* Begin PBXContainerItemProxy section */
		36C876E22B2A68E10020AA76 /* PBXContainerItemProxy */ = {
			isa = PBXContainerItemProxy;
			containerPortal = 36C876C92B2A68E00020AA76 /* Project object */;
			proxyType = 1;
			remoteGlobalIDString = 36C876D02B2A68E00020AA76;
			remoteInfo = "Rick-and-Morty-VASS";
		};
		36C876EC2B2A68E10020AA76 /* PBXContainerItemProxy */ = {
			isa = PBXContainerItemProxy;
			containerPortal = 36C876C92B2A68E00020AA76 /* Project object */;
			proxyType = 1;
			remoteGlobalIDString = 36C876D02B2A68E00020AA76;
			remoteInfo = "Rick-and-Morty-VASS";
		};
/* End PBXContainerItemProxy section */

/* Begin PBXFileReference section */
		360FDC7E2B2BAF6D0062B8D2 /* CharacterDetailView.swift */ = {isa = PBXFileReference; lastKnownFileType = sourcecode.swift; path = CharacterDetailView.swift; sourceTree = "<group>"; };
		360FDC802B2BEDEE0062B8D2 /* Color+ColorName.swift */ = {isa = PBXFileReference; lastKnownFileType = sourcecode.swift; path = "Color+ColorName.swift"; sourceTree = "<group>"; };
		3641E8FC2B2CE94B00B51114 /* SearchCharacterListRepositoryType.swift */ = {isa = PBXFileReference; lastKnownFileType = sourcecode.swift; path = SearchCharacterListRepositoryType.swift; sourceTree = "<group>"; };
		3641E8FE2B2CE9A000B51114 /* SearchCharacterListUseCase.swift */ = {isa = PBXFileReference; lastKnownFileType = sourcecode.swift; path = SearchCharacterListUseCase.swift; sourceTree = "<group>"; };
		3641E9012B2CEACF00B51114 /* SearchCharacterListRepository.swift */ = {isa = PBXFileReference; lastKnownFileType = sourcecode.swift; path = SearchCharacterListRepository.swift; sourceTree = "<group>"; };
		3641E9042B2CEBF000B51114 /* SearchCharacterListDataSourceType.swift */ = {isa = PBXFileReference; lastKnownFileType = sourcecode.swift; path = SearchCharacterListDataSourceType.swift; sourceTree = "<group>"; };
		3641E9062B2CEBF800B51114 /* SearchCharacterListDataSource.swift */ = {isa = PBXFileReference; lastKnownFileType = sourcecode.swift; path = SearchCharacterListDataSource.swift; sourceTree = "<group>"; };
		3641E9082B2DEAB700B51114 /* Image+AssetName.swift */ = {isa = PBXFileReference; lastKnownFileType = sourcecode.swift; path = "Image+AssetName.swift"; sourceTree = "<group>"; };
		3641E90A2B2DEFCE00B51114 /* EmptyListView.swift */ = {isa = PBXFileReference; lastKnownFileType = sourcecode.swift; path = EmptyListView.swift; sourceTree = "<group>"; };
		36C876D12B2A68E00020AA76 /* Rick-and-Morty-VASS.app */ = {isa = PBXFileReference; explicitFileType = wrapper.application; includeInIndex = 0; path = "Rick-and-Morty-VASS.app"; sourceTree = BUILT_PRODUCTS_DIR; };
		36C876D42B2A68E00020AA76 /* Rick_and_Morty_VASSApp.swift */ = {isa = PBXFileReference; lastKnownFileType = sourcecode.swift; path = Rick_and_Morty_VASSApp.swift; sourceTree = "<group>"; };
		36C876D82B2A68E10020AA76 /* Assets.xcassets */ = {isa = PBXFileReference; lastKnownFileType = folder.assetcatalog; path = Assets.xcassets; sourceTree = "<group>"; };
		36C876DB2B2A68E10020AA76 /* Preview Assets.xcassets */ = {isa = PBXFileReference; lastKnownFileType = folder.assetcatalog; path = "Preview Assets.xcassets"; sourceTree = "<group>"; };
		36C876E12B2A68E10020AA76 /* Rick-and-Morty-VASSTests.xctest */ = {isa = PBXFileReference; explicitFileType = wrapper.cfbundle; includeInIndex = 0; path = "Rick-and-Morty-VASSTests.xctest"; sourceTree = BUILT_PRODUCTS_DIR; };
		36C876E52B2A68E10020AA76 /* Rick_and_Morty_VASSTests.swift */ = {isa = PBXFileReference; lastKnownFileType = sourcecode.swift; path = Rick_and_Morty_VASSTests.swift; sourceTree = "<group>"; };
		36C876EB2B2A68E10020AA76 /* Rick-and-Morty-VASSUITests.xctest */ = {isa = PBXFileReference; explicitFileType = wrapper.cfbundle; includeInIndex = 0; path = "Rick-and-Morty-VASSUITests.xctest"; sourceTree = BUILT_PRODUCTS_DIR; };
		36C876EF2B2A68E10020AA76 /* Rick_and_Morty_VASSUITests.swift */ = {isa = PBXFileReference; lastKnownFileType = sourcecode.swift; path = Rick_and_Morty_VASSUITests.swift; sourceTree = "<group>"; };
		36C876F12B2A68E10020AA76 /* Rick_and_Morty_VASSUITestsLaunchTests.swift */ = {isa = PBXFileReference; lastKnownFileType = sourcecode.swift; path = Rick_and_Morty_VASSUITestsLaunchTests.swift; sourceTree = "<group>"; };
		36C877082B2A6BA40020AA76 /* URLSessionRequestMaker.swift */ = {isa = PBXFileReference; lastKnownFileType = sourcecode.swift; path = URLSessionRequestMaker.swift; sourceTree = "<group>"; };
		36C877122B2A6DA00020AA76 /* Endpoint.swift */ = {isa = PBXFileReference; lastKnownFileType = sourcecode.swift; path = Endpoint.swift; sourceTree = "<group>"; };
		36C877142B2A6DDA0020AA76 /* HTTPMethod.swift */ = {isa = PBXFileReference; lastKnownFileType = sourcecode.swift; path = HTTPMethod.swift; sourceTree = "<group>"; };
		36C877162B2A6DFC0020AA76 /* HTTPClientError.swift */ = {isa = PBXFileReference; lastKnownFileType = sourcecode.swift; path = HTTPClientError.swift; sourceTree = "<group>"; };
		36C877182B2A6EB60020AA76 /* URLSessionHTTPClient.swift */ = {isa = PBXFileReference; lastKnownFileType = sourcecode.swift; path = URLSessionHTTPClient.swift; sourceTree = "<group>"; };
		36C8771A2B2A6EF40020AA76 /* HTTPClient.swift */ = {isa = PBXFileReference; lastKnownFileType = sourcecode.swift; path = HTTPClient.swift; sourceTree = "<group>"; };
		36C8771C2B2A6F7A0020AA76 /* APICharactersListDataSourceType.swift */ = {isa = PBXFileReference; lastKnownFileType = sourcecode.swift; path = APICharactersListDataSourceType.swift; sourceTree = "<group>"; };
		36C8771E2B2A6F820020AA76 /* APICharactersListDataSource.swift */ = {isa = PBXFileReference; lastKnownFileType = sourcecode.swift; path = APICharactersListDataSource.swift; sourceTree = "<group>"; };
		36C877202B2A6FCE0020AA76 /* CharactersListResponse.swift */ = {isa = PBXFileReference; lastKnownFileType = sourcecode.swift; path = CharactersListResponse.swift; sourceTree = "<group>"; };
		36C877222B2A72410020AA76 /* Foundation+Extension.swift */ = {isa = PBXFileReference; lastKnownFileType = sourcecode.swift; path = "Foundation+Extension.swift"; sourceTree = "<group>"; };
		36C877252B2A730A0020AA76 /* CharacterListRepository.swift */ = {isa = PBXFileReference; lastKnownFileType = sourcecode.swift; path = CharacterListRepository.swift; sourceTree = "<group>"; };
		36C877272B2A731C0020AA76 /* CharacterListDomainErrorMapper.swift */ = {isa = PBXFileReference; lastKnownFileType = sourcecode.swift; path = CharacterListDomainErrorMapper.swift; sourceTree = "<group>"; };
		36C877292B2A735D0020AA76 /* CharacterListDomainError.swift */ = {isa = PBXFileReference; lastKnownFileType = sourcecode.swift; path = CharacterListDomainError.swift; sourceTree = "<group>"; };
		36C8772B2B2A74220020AA76 /* CharacterListRepositoryType.swift */ = {isa = PBXFileReference; lastKnownFileType = sourcecode.swift; path = CharacterListRepositoryType.swift; sourceTree = "<group>"; };
		36C8772D2B2A751B0020AA76 /* CharacterListUseCase.swift */ = {isa = PBXFileReference; lastKnownFileType = sourcecode.swift; path = CharacterListUseCase.swift; sourceTree = "<group>"; };
		36C877302B2A75EF0020AA76 /* CharacterListView.swift */ = {isa = PBXFileReference; lastKnownFileType = sourcecode.swift; path = CharacterListView.swift; sourceTree = "<group>"; };
		36C877322B2A76020020AA76 /* CharacterListViewModel.swift */ = {isa = PBXFileReference; lastKnownFileType = sourcecode.swift; path = CharacterListViewModel.swift; sourceTree = "<group>"; };
		36C877342B2A781A0020AA76 /* CharacterListFactory.swift */ = {isa = PBXFileReference; lastKnownFileType = sourcecode.swift; path = CharacterListFactory.swift; sourceTree = "<group>"; };
		36C877372B2B77820020AA76 /* CharacterItem.swift */ = {isa = PBXFileReference; lastKnownFileType = sourcecode.swift; path = CharacterItem.swift; sourceTree = "<group>"; };
/* End PBXFileReference section */

/* Begin PBXFrameworksBuildPhase section */
		36C876CE2B2A68E00020AA76 /* Frameworks */ = {
			isa = PBXFrameworksBuildPhase;
			buildActionMask = 2147483647;
			files = (
			);
			runOnlyForDeploymentPostprocessing = 0;
		};
		36C876DE2B2A68E10020AA76 /* Frameworks */ = {
			isa = PBXFrameworksBuildPhase;
			buildActionMask = 2147483647;
			files = (
			);
			runOnlyForDeploymentPostprocessing = 0;
		};
		36C876E82B2A68E10020AA76 /* Frameworks */ = {
			isa = PBXFrameworksBuildPhase;
			buildActionMask = 2147483647;
			files = (
			);
			runOnlyForDeploymentPostprocessing = 0;
		};
/* End PBXFrameworksBuildPhase section */

/* Begin PBXGroup section */
		3641E9002B2CEAA000B51114 /* Search Character List Repository */ = {
			isa = PBXGroup;
			children = (
				3641E9012B2CEACF00B51114 /* SearchCharacterListRepository.swift */,
			);
			path = "Search Character List Repository";
			sourceTree = "<group>";
		};
		3641E9032B2CEBB200B51114 /* Search Character List Data Source */ = {
			isa = PBXGroup;
			children = (
				3641E9042B2CEBF000B51114 /* SearchCharacterListDataSourceType.swift */,
				3641E9062B2CEBF800B51114 /* SearchCharacterListDataSource.swift */,
			);
			path = "Search Character List Data Source";
			sourceTree = "<group>";
		};
		36C876C82B2A68E00020AA76 = {
			isa = PBXGroup;
			children = (
				36C876D32B2A68E00020AA76 /* Rick-and-Morty-VASS */,
				36C876E42B2A68E10020AA76 /* Rick-and-Morty-VASSTests */,
				36C876EE2B2A68E10020AA76 /* Rick-and-Morty-VASSUITests */,
				36C876D22B2A68E00020AA76 /* Products */,
			);
			sourceTree = "<group>";
		};
		36C876D22B2A68E00020AA76 /* Products */ = {
			isa = PBXGroup;
			children = (
				36C876D12B2A68E00020AA76 /* Rick-and-Morty-VASS.app */,
				36C876E12B2A68E10020AA76 /* Rick-and-Morty-VASSTests.xctest */,
				36C876EB2B2A68E10020AA76 /* Rick-and-Morty-VASSUITests.xctest */,
			);
			name = Products;
			sourceTree = "<group>";
		};
		36C876D32B2A68E00020AA76 /* Rick-and-Morty-VASS */ = {
			isa = PBXGroup;
			children = (
				36C876FE2B2A69D50020AA76 /* Composition root */,
				36C876FF2B2A69DF0020AA76 /* Extensions */,
				36C877002B2A69EE0020AA76 /* UI */,
				36C877012B2A69F60020AA76 /* Presentation */,
				36C877022B2A6A010020AA76 /* Infrastructure */,
				36C877032B2A6A0B0020AA76 /* Data */,
				36C877042B2A6A120020AA76 /* Domain */,
				36C876D42B2A68E00020AA76 /* Rick_and_Morty_VASSApp.swift */,
				36C876D82B2A68E10020AA76 /* Assets.xcassets */,
				36C876DA2B2A68E10020AA76 /* Preview Content */,
			);
			path = "Rick-and-Morty-VASS";
			sourceTree = "<group>";
		};
		36C876DA2B2A68E10020AA76 /* Preview Content */ = {
			isa = PBXGroup;
			children = (
				36C876DB2B2A68E10020AA76 /* Preview Assets.xcassets */,
			);
			path = "Preview Content";
			sourceTree = "<group>";
		};
		36C876E42B2A68E10020AA76 /* Rick-and-Morty-VASSTests */ = {
			isa = PBXGroup;
			children = (
				36C876E52B2A68E10020AA76 /* Rick_and_Morty_VASSTests.swift */,
			);
			path = "Rick-and-Morty-VASSTests";
			sourceTree = "<group>";
		};
		36C876EE2B2A68E10020AA76 /* Rick-and-Morty-VASSUITests */ = {
			isa = PBXGroup;
			children = (
				36C876EF2B2A68E10020AA76 /* Rick_and_Morty_VASSUITests.swift */,
				36C876F12B2A68E10020AA76 /* Rick_and_Morty_VASSUITestsLaunchTests.swift */,
			);
			path = "Rick-and-Morty-VASSUITests";
			sourceTree = "<group>";
		};
		36C876FE2B2A69D50020AA76 /* Composition root */ = {
			isa = PBXGroup;
			children = (
				36C877342B2A781A0020AA76 /* CharacterListFactory.swift */,
			);
			path = "Composition root";
			sourceTree = "<group>";
		};
		36C876FF2B2A69DF0020AA76 /* Extensions */ = {
			isa = PBXGroup;
			children = (
				36C877222B2A72410020AA76 /* Foundation+Extension.swift */,
				360FDC802B2BEDEE0062B8D2 /* Color+ColorName.swift */,
				3641E9082B2DEAB700B51114 /* Image+AssetName.swift */,
			);
			path = Extensions;
			sourceTree = "<group>";
		};
		36C877002B2A69EE0020AA76 /* UI */ = {
			isa = PBXGroup;
			children = (
				36C877362B2B776B0020AA76 /* Custom views */,
				36C877302B2A75EF0020AA76 /* CharacterListView.swift */,
				360FDC7E2B2BAF6D0062B8D2 /* CharacterDetailView.swift */,
			);
			path = UI;
			sourceTree = "<group>";
		};
		36C877012B2A69F60020AA76 /* Presentation */ = {
			isa = PBXGroup;
			children = (
				36C877322B2A76020020AA76 /* CharacterListViewModel.swift */,
			);
			path = Presentation;
			sourceTree = "<group>";
		};
		36C877022B2A6A010020AA76 /* Infrastructure */ = {
			isa = PBXGroup;
			children = (
				36C877062B2A6B1C0020AA76 /* Data */,
				36C877072B2A6B200020AA76 /* Networking */,
			);
			path = Infrastructure;
			sourceTree = "<group>";
		};
		36C877032B2A6A0B0020AA76 /* Data */ = {
			isa = PBXGroup;
			children = (
				36C8770D2B2A6C8C0020AA76 /* Cache */,
				36C8770E2B2A6C930020AA76 /* Networking */,
				36C8770F2B2A6CC90020AA76 /* Repositories */,
			);
			path = Data;
			sourceTree = "<group>";
		};
		36C877042B2A6A120020AA76 /* Domain */ = {
			isa = PBXGroup;
			children = (
				36C8770A2B2A6C530020AA76 /* Interfaces */,
				36C8770B2B2A6C590020AA76 /* Use cases */,
				36C8770C2B2A6C640020AA76 /* Entities */,
				36C877292B2A735D0020AA76 /* CharacterListDomainError.swift */,
			);
			path = Domain;
			sourceTree = "<group>";
		};
		36C877062B2A6B1C0020AA76 /* Data */ = {
			isa = PBXGroup;
			children = (
			);
			path = Data;
			sourceTree = "<group>";
		};
		36C877072B2A6B200020AA76 /* Networking */ = {
			isa = PBXGroup;
			children = (
				36C877082B2A6BA40020AA76 /* URLSessionRequestMaker.swift */,
				36C877182B2A6EB60020AA76 /* URLSessionHTTPClient.swift */,
			);
			path = Networking;
			sourceTree = "<group>";
		};
		36C8770A2B2A6C530020AA76 /* Interfaces */ = {
			isa = PBXGroup;
			children = (
				36C8772B2B2A74220020AA76 /* CharacterListRepositoryType.swift */,
				3641E8FC2B2CE94B00B51114 /* SearchCharacterListRepositoryType.swift */,
			);
			path = Interfaces;
			sourceTree = "<group>";
		};
		36C8770B2B2A6C590020AA76 /* Use cases */ = {
			isa = PBXGroup;
			children = (
				36C8772D2B2A751B0020AA76 /* CharacterListUseCase.swift */,
				3641E8FE2B2CE9A000B51114 /* SearchCharacterListUseCase.swift */,
			);
			path = "Use cases";
			sourceTree = "<group>";
		};
		36C8770C2B2A6C640020AA76 /* Entities */ = {
			isa = PBXGroup;
			children = (
				36C877202B2A6FCE0020AA76 /* CharactersListResponse.swift */,
			);
			path = Entities;
			sourceTree = "<group>";
		};
		36C8770D2B2A6C8C0020AA76 /* Cache */ = {
			isa = PBXGroup;
			children = (
			);
			path = Cache;
			sourceTree = "<group>";
		};
		36C8770E2B2A6C930020AA76 /* Networking */ = {
			isa = PBXGroup;
			children = (
				3641E9032B2CEBB200B51114 /* Search Character List Data Source */,
				36C877102B2A6CE00020AA76 /* Characters List Data Source */,
				36C8771A2B2A6EF40020AA76 /* HTTPClient.swift */,
				36C877122B2A6DA00020AA76 /* Endpoint.swift */,
				36C877142B2A6DDA0020AA76 /* HTTPMethod.swift */,
				36C877162B2A6DFC0020AA76 /* HTTPClientError.swift */,
			);
			path = Networking;
			sourceTree = "<group>";
		};
		36C8770F2B2A6CC90020AA76 /* Repositories */ = {
			isa = PBXGroup;
			children = (
				3641E9002B2CEAA000B51114 /* Search Character List Repository */,
				36C877242B2A72EA0020AA76 /* Characters List Repository */,
			);
			path = Repositories;
			sourceTree = "<group>";
		};
		36C877102B2A6CE00020AA76 /* Characters List Data Source */ = {
			isa = PBXGroup;
			children = (
				36C8771C2B2A6F7A0020AA76 /* APICharactersListDataSourceType.swift */,
				36C8771E2B2A6F820020AA76 /* APICharactersListDataSource.swift */,
			);
			path = "Characters List Data Source";
			sourceTree = "<group>";
		};
		36C877242B2A72EA0020AA76 /* Characters List Repository */ = {
			isa = PBXGroup;
			children = (
				36C877252B2A730A0020AA76 /* CharacterListRepository.swift */,
				36C877272B2A731C0020AA76 /* CharacterListDomainErrorMapper.swift */,
			);
			path = "Characters List Repository";
			sourceTree = "<group>";
		};
		36C877362B2B776B0020AA76 /* Custom views */ = {
			isa = PBXGroup;
			children = (
				36C877372B2B77820020AA76 /* CharacterItem.swift */,
				3641E90A2B2DEFCE00B51114 /* EmptyListView.swift */,
			);
			path = "Custom views";
			sourceTree = "<group>";
		};
/* End PBXGroup section */

/* Begin PBXNativeTarget section */
		36C876D02B2A68E00020AA76 /* Rick-and-Morty-VASS */ = {
			isa = PBXNativeTarget;
			buildConfigurationList = 36C876F52B2A68E10020AA76 /* Build configuration list for PBXNativeTarget "Rick-and-Morty-VASS" */;
			buildPhases = (
				36C876CD2B2A68E00020AA76 /* Sources */,
				36C876CE2B2A68E00020AA76 /* Frameworks */,
				36C876CF2B2A68E00020AA76 /* Resources */,
			);
			buildRules = (
			);
			dependencies = (
			);
			name = "Rick-and-Morty-VASS";
			productName = "Rick-and-Morty-VASS";
			productReference = 36C876D12B2A68E00020AA76 /* Rick-and-Morty-VASS.app */;
			productType = "com.apple.product-type.application";
		};
		36C876E02B2A68E10020AA76 /* Rick-and-Morty-VASSTests */ = {
			isa = PBXNativeTarget;
			buildConfigurationList = 36C876F82B2A68E10020AA76 /* Build configuration list for PBXNativeTarget "Rick-and-Morty-VASSTests" */;
			buildPhases = (
				36C876DD2B2A68E10020AA76 /* Sources */,
				36C876DE2B2A68E10020AA76 /* Frameworks */,
				36C876DF2B2A68E10020AA76 /* Resources */,
			);
			buildRules = (
			);
			dependencies = (
				36C876E32B2A68E10020AA76 /* PBXTargetDependency */,
			);
			name = "Rick-and-Morty-VASSTests";
			productName = "Rick-and-Morty-VASSTests";
			productReference = 36C876E12B2A68E10020AA76 /* Rick-and-Morty-VASSTests.xctest */;
			productType = "com.apple.product-type.bundle.unit-test";
		};
		36C876EA2B2A68E10020AA76 /* Rick-and-Morty-VASSUITests */ = {
			isa = PBXNativeTarget;
			buildConfigurationList = 36C876FB2B2A68E10020AA76 /* Build configuration list for PBXNativeTarget "Rick-and-Morty-VASSUITests" */;
			buildPhases = (
				36C876E72B2A68E10020AA76 /* Sources */,
				36C876E82B2A68E10020AA76 /* Frameworks */,
				36C876E92B2A68E10020AA76 /* Resources */,
			);
			buildRules = (
			);
			dependencies = (
				36C876ED2B2A68E10020AA76 /* PBXTargetDependency */,
			);
			name = "Rick-and-Morty-VASSUITests";
			productName = "Rick-and-Morty-VASSUITests";
			productReference = 36C876EB2B2A68E10020AA76 /* Rick-and-Morty-VASSUITests.xctest */;
			productType = "com.apple.product-type.bundle.ui-testing";
		};
/* End PBXNativeTarget section */

/* Begin PBXProject section */
		36C876C92B2A68E00020AA76 /* Project object */ = {
			isa = PBXProject;
			attributes = {
				BuildIndependentTargetsInParallel = 1;
				LastSwiftUpdateCheck = 1500;
				LastUpgradeCheck = 1500;
				TargetAttributes = {
					36C876D02B2A68E00020AA76 = {
						CreatedOnToolsVersion = 15.0.1;
					};
					36C876E02B2A68E10020AA76 = {
						CreatedOnToolsVersion = 15.0.1;
						TestTargetID = 36C876D02B2A68E00020AA76;
					};
					36C876EA2B2A68E10020AA76 = {
						CreatedOnToolsVersion = 15.0.1;
						TestTargetID = 36C876D02B2A68E00020AA76;
					};
				};
			};
			buildConfigurationList = 36C876CC2B2A68E00020AA76 /* Build configuration list for PBXProject "Rick-and-Morty-VASS" */;
			compatibilityVersion = "Xcode 14.0";
			developmentRegion = en;
			hasScannedForEncodings = 0;
			knownRegions = (
				en,
				Base,
			);
			mainGroup = 36C876C82B2A68E00020AA76;
			productRefGroup = 36C876D22B2A68E00020AA76 /* Products */;
			projectDirPath = "";
			projectRoot = "";
			targets = (
				36C876D02B2A68E00020AA76 /* Rick-and-Morty-VASS */,
				36C876E02B2A68E10020AA76 /* Rick-and-Morty-VASSTests */,
				36C876EA2B2A68E10020AA76 /* Rick-and-Morty-VASSUITests */,
			);
		};
/* End PBXProject section */

/* Begin PBXResourcesBuildPhase section */
		36C876CF2B2A68E00020AA76 /* Resources */ = {
			isa = PBXResourcesBuildPhase;
			buildActionMask = 2147483647;
			files = (
				36C876DC2B2A68E10020AA76 /* Preview Assets.xcassets in Resources */,
				36C876D92B2A68E10020AA76 /* Assets.xcassets in Resources */,
			);
			runOnlyForDeploymentPostprocessing = 0;
		};
		36C876DF2B2A68E10020AA76 /* Resources */ = {
			isa = PBXResourcesBuildPhase;
			buildActionMask = 2147483647;
			files = (
			);
			runOnlyForDeploymentPostprocessing = 0;
		};
		36C876E92B2A68E10020AA76 /* Resources */ = {
			isa = PBXResourcesBuildPhase;
			buildActionMask = 2147483647;
			files = (
			);
			runOnlyForDeploymentPostprocessing = 0;
		};
/* End PBXResourcesBuildPhase section */

/* Begin PBXSourcesBuildPhase section */
		36C876CD2B2A68E00020AA76 /* Sources */ = {
			isa = PBXSourcesBuildPhase;
			buildActionMask = 2147483647;
			files = (
				36C877212B2A6FCE0020AA76 /* CharactersListResponse.swift in Sources */,
				36C877262B2A730A0020AA76 /* CharacterListRepository.swift in Sources */,
				36C877232B2A72410020AA76 /* Foundation+Extension.swift in Sources */,
				360FDC7F2B2BAF6D0062B8D2 /* CharacterDetailView.swift in Sources */,
				36C8772C2B2A74220020AA76 /* CharacterListRepositoryType.swift in Sources */,
				36C877332B2A76020020AA76 /* CharacterListViewModel.swift in Sources */,
				3641E8FF2B2CE9A000B51114 /* SearchCharacterListUseCase.swift in Sources */,
				3641E9092B2DEAB700B51114 /* Image+AssetName.swift in Sources */,
				36C877152B2A6DDA0020AA76 /* HTTPMethod.swift in Sources */,
				3641E9022B2CEACF00B51114 /* SearchCharacterListRepository.swift in Sources */,
				36C877382B2B77820020AA76 /* CharacterItem.swift in Sources */,
				3641E9052B2CEBF000B51114 /* SearchCharacterListDataSourceType.swift in Sources */,
				360FDC812B2BEDEE0062B8D2 /* Color+ColorName.swift in Sources */,
				36C877352B2A781A0020AA76 /* CharacterListFactory.swift in Sources */,
				36C8771F2B2A6F820020AA76 /* APICharactersListDataSource.swift in Sources */,
				36C876D52B2A68E00020AA76 /* Rick_and_Morty_VASSApp.swift in Sources */,
				3641E8FD2B2CE94B00B51114 /* SearchCharacterListRepositoryType.swift in Sources */,
				36C8772A2B2A735D0020AA76 /* CharacterListDomainError.swift in Sources */,
				36C8772E2B2A751B0020AA76 /* CharacterListUseCase.swift in Sources */,
				36C877172B2A6DFC0020AA76 /* HTTPClientError.swift in Sources */,
				3641E90B2B2DEFCE00B51114 /* EmptyListView.swift in Sources */,
				36C8771D2B2A6F7A0020AA76 /* APICharactersListDataSourceType.swift in Sources */,
				36C8771B2B2A6EF40020AA76 /* HTTPClient.swift in Sources */,
				36C877312B2A75EF0020AA76 /* CharacterListView.swift in Sources */,
				36C877132B2A6DA00020AA76 /* Endpoint.swift in Sources */,
				36C877092B2A6BA40020AA76 /* URLSessionRequestMaker.swift in Sources */,
				3641E9072B2CEBF800B51114 /* SearchCharacterListDataSource.swift in Sources */,
				36C877192B2A6EB60020AA76 /* URLSessionHTTPClient.swift in Sources */,
				36C877282B2A731C0020AA76 /* CharacterListDomainErrorMapper.swift in Sources */,
			);
			runOnlyForDeploymentPostprocessing = 0;
		};
		36C876DD2B2A68E10020AA76 /* Sources */ = {
			isa = PBXSourcesBuildPhase;
			buildActionMask = 2147483647;
			files = (
				36C876E62B2A68E10020AA76 /* Rick_and_Morty_VASSTests.swift in Sources */,
			);
			runOnlyForDeploymentPostprocessing = 0;
		};
		36C876E72B2A68E10020AA76 /* Sources */ = {
			isa = PBXSourcesBuildPhase;
			buildActionMask = 2147483647;
			files = (
				36C876F22B2A68E10020AA76 /* Rick_and_Morty_VASSUITestsLaunchTests.swift in Sources */,
				36C876F02B2A68E10020AA76 /* Rick_and_Morty_VASSUITests.swift in Sources */,
			);
			runOnlyForDeploymentPostprocessing = 0;
		};
/* End PBXSourcesBuildPhase section */

/* Begin PBXTargetDependency section */
		36C876E32B2A68E10020AA76 /* PBXTargetDependency */ = {
			isa = PBXTargetDependency;
			target = 36C876D02B2A68E00020AA76 /* Rick-and-Morty-VASS */;
			targetProxy = 36C876E22B2A68E10020AA76 /* PBXContainerItemProxy */;
		};
		36C876ED2B2A68E10020AA76 /* PBXTargetDependency */ = {
			isa = PBXTargetDependency;
			target = 36C876D02B2A68E00020AA76 /* Rick-and-Morty-VASS */;
			targetProxy = 36C876EC2B2A68E10020AA76 /* PBXContainerItemProxy */;
		};
/* End PBXTargetDependency section */

/* Begin XCBuildConfiguration section */
		36C876F32B2A68E10020AA76 /* Debug */ = {
			isa = XCBuildConfiguration;
			buildSettings = {
				ALWAYS_SEARCH_USER_PATHS = NO;
				ASSETCATALOG_COMPILER_GENERATE_SWIFT_ASSET_SYMBOL_EXTENSIONS = YES;
				CLANG_ANALYZER_NONNULL = YES;
				CLANG_ANALYZER_NUMBER_OBJECT_CONVERSION = YES_AGGRESSIVE;
				CLANG_CXX_LANGUAGE_STANDARD = "gnu++20";
				CLANG_ENABLE_MODULES = YES;
				CLANG_ENABLE_OBJC_ARC = YES;
				CLANG_ENABLE_OBJC_WEAK = YES;
				CLANG_WARN_BLOCK_CAPTURE_AUTORELEASING = YES;
				CLANG_WARN_BOOL_CONVERSION = YES;
				CLANG_WARN_COMMA = YES;
				CLANG_WARN_CONSTANT_CONVERSION = YES;
				CLANG_WARN_DEPRECATED_OBJC_IMPLEMENTATIONS = YES;
				CLANG_WARN_DIRECT_OBJC_ISA_USAGE = YES_ERROR;
				CLANG_WARN_DOCUMENTATION_COMMENTS = YES;
				CLANG_WARN_EMPTY_BODY = YES;
				CLANG_WARN_ENUM_CONVERSION = YES;
				CLANG_WARN_INFINITE_RECURSION = YES;
				CLANG_WARN_INT_CONVERSION = YES;
				CLANG_WARN_NON_LITERAL_NULL_CONVERSION = YES;
				CLANG_WARN_OBJC_IMPLICIT_RETAIN_SELF = YES;
				CLANG_WARN_OBJC_LITERAL_CONVERSION = YES;
				CLANG_WARN_OBJC_ROOT_CLASS = YES_ERROR;
				CLANG_WARN_QUOTED_INCLUDE_IN_FRAMEWORK_HEADER = YES;
				CLANG_WARN_RANGE_LOOP_ANALYSIS = YES;
				CLANG_WARN_STRICT_PROTOTYPES = YES;
				CLANG_WARN_SUSPICIOUS_MOVE = YES;
				CLANG_WARN_UNGUARDED_AVAILABILITY = YES_AGGRESSIVE;
				CLANG_WARN_UNREACHABLE_CODE = YES;
				CLANG_WARN__DUPLICATE_METHOD_MATCH = YES;
				COPY_PHASE_STRIP = NO;
				DEBUG_INFORMATION_FORMAT = dwarf;
				ENABLE_STRICT_OBJC_MSGSEND = YES;
				ENABLE_TESTABILITY = YES;
				ENABLE_USER_SCRIPT_SANDBOXING = YES;
				GCC_C_LANGUAGE_STANDARD = gnu17;
				GCC_DYNAMIC_NO_PIC = NO;
				GCC_NO_COMMON_BLOCKS = YES;
				GCC_OPTIMIZATION_LEVEL = 0;
				GCC_PREPROCESSOR_DEFINITIONS = (
					"DEBUG=1",
					"$(inherited)",
				);
				GCC_WARN_64_TO_32_BIT_CONVERSION = YES;
				GCC_WARN_ABOUT_RETURN_TYPE = YES_ERROR;
				GCC_WARN_UNDECLARED_SELECTOR = YES;
				GCC_WARN_UNINITIALIZED_AUTOS = YES_AGGRESSIVE;
				GCC_WARN_UNUSED_FUNCTION = YES;
				GCC_WARN_UNUSED_VARIABLE = YES;
				IPHONEOS_DEPLOYMENT_TARGET = 17.0;
				LOCALIZATION_PREFERS_STRING_CATALOGS = YES;
				MTL_ENABLE_DEBUG_INFO = INCLUDE_SOURCE;
				MTL_FAST_MATH = YES;
				ONLY_ACTIVE_ARCH = YES;
				SDKROOT = iphoneos;
				SWIFT_ACTIVE_COMPILATION_CONDITIONS = "DEBUG $(inherited)";
				SWIFT_OPTIMIZATION_LEVEL = "-Onone";
			};
			name = Debug;
		};
		36C876F42B2A68E10020AA76 /* Release */ = {
			isa = XCBuildConfiguration;
			buildSettings = {
				ALWAYS_SEARCH_USER_PATHS = NO;
				ASSETCATALOG_COMPILER_GENERATE_SWIFT_ASSET_SYMBOL_EXTENSIONS = YES;
				CLANG_ANALYZER_NONNULL = YES;
				CLANG_ANALYZER_NUMBER_OBJECT_CONVERSION = YES_AGGRESSIVE;
				CLANG_CXX_LANGUAGE_STANDARD = "gnu++20";
				CLANG_ENABLE_MODULES = YES;
				CLANG_ENABLE_OBJC_ARC = YES;
				CLANG_ENABLE_OBJC_WEAK = YES;
				CLANG_WARN_BLOCK_CAPTURE_AUTORELEASING = YES;
				CLANG_WARN_BOOL_CONVERSION = YES;
				CLANG_WARN_COMMA = YES;
				CLANG_WARN_CONSTANT_CONVERSION = YES;
				CLANG_WARN_DEPRECATED_OBJC_IMPLEMENTATIONS = YES;
				CLANG_WARN_DIRECT_OBJC_ISA_USAGE = YES_ERROR;
				CLANG_WARN_DOCUMENTATION_COMMENTS = YES;
				CLANG_WARN_EMPTY_BODY = YES;
				CLANG_WARN_ENUM_CONVERSION = YES;
				CLANG_WARN_INFINITE_RECURSION = YES;
				CLANG_WARN_INT_CONVERSION = YES;
				CLANG_WARN_NON_LITERAL_NULL_CONVERSION = YES;
				CLANG_WARN_OBJC_IMPLICIT_RETAIN_SELF = YES;
				CLANG_WARN_OBJC_LITERAL_CONVERSION = YES;
				CLANG_WARN_OBJC_ROOT_CLASS = YES_ERROR;
				CLANG_WARN_QUOTED_INCLUDE_IN_FRAMEWORK_HEADER = YES;
				CLANG_WARN_RANGE_LOOP_ANALYSIS = YES;
				CLANG_WARN_STRICT_PROTOTYPES = YES;
				CLANG_WARN_SUSPICIOUS_MOVE = YES;
				CLANG_WARN_UNGUARDED_AVAILABILITY = YES_AGGRESSIVE;
				CLANG_WARN_UNREACHABLE_CODE = YES;
				CLANG_WARN__DUPLICATE_METHOD_MATCH = YES;
				COPY_PHASE_STRIP = NO;
				DEBUG_INFORMATION_FORMAT = "dwarf-with-dsym";
				ENABLE_NS_ASSERTIONS = NO;
				ENABLE_STRICT_OBJC_MSGSEND = YES;
				ENABLE_USER_SCRIPT_SANDBOXING = YES;
				GCC_C_LANGUAGE_STANDARD = gnu17;
				GCC_NO_COMMON_BLOCKS = YES;
				GCC_WARN_64_TO_32_BIT_CONVERSION = YES;
				GCC_WARN_ABOUT_RETURN_TYPE = YES_ERROR;
				GCC_WARN_UNDECLARED_SELECTOR = YES;
				GCC_WARN_UNINITIALIZED_AUTOS = YES_AGGRESSIVE;
				GCC_WARN_UNUSED_FUNCTION = YES;
				GCC_WARN_UNUSED_VARIABLE = YES;
				IPHONEOS_DEPLOYMENT_TARGET = 17.0;
				LOCALIZATION_PREFERS_STRING_CATALOGS = YES;
				MTL_ENABLE_DEBUG_INFO = NO;
				MTL_FAST_MATH = YES;
				SDKROOT = iphoneos;
				SWIFT_COMPILATION_MODE = wholemodule;
				VALIDATE_PRODUCT = YES;
			};
			name = Release;
		};
		36C876F62B2A68E10020AA76 /* Debug */ = {
			isa = XCBuildConfiguration;
			buildSettings = {
				ASSETCATALOG_COMPILER_APPICON_NAME = AppIcon;
				ASSETCATALOG_COMPILER_GLOBAL_ACCENT_COLOR_NAME = AccentColor;
				CODE_SIGN_STYLE = Automatic;
				CURRENT_PROJECT_VERSION = 1;
				DEVELOPMENT_ASSET_PATHS = "\"Rick-and-Morty-VASS/Preview Content\"";
				DEVELOPMENT_TEAM = P34TF3795N;
				ENABLE_PREVIEWS = YES;
				GENERATE_INFOPLIST_FILE = YES;
				INFOPLIST_KEY_UIApplicationSceneManifest_Generation = YES;
				INFOPLIST_KEY_UIApplicationSupportsIndirectInputEvents = YES;
				INFOPLIST_KEY_UILaunchScreen_Generation = YES;
				INFOPLIST_KEY_UISupportedInterfaceOrientations_iPad = "UIInterfaceOrientationPortrait UIInterfaceOrientationPortraitUpsideDown UIInterfaceOrientationLandscapeLeft UIInterfaceOrientationLandscapeRight";
				INFOPLIST_KEY_UISupportedInterfaceOrientations_iPhone = "UIInterfaceOrientationPortrait UIInterfaceOrientationLandscapeLeft UIInterfaceOrientationLandscapeRight";
				LD_RUNPATH_SEARCH_PATHS = (
					"$(inherited)",
					"@executable_path/Frameworks",
				);
				MARKETING_VERSION = 1.0;
				PRODUCT_BUNDLE_IDENTIFIER = "Juancho.Rick-and-Morty-VASS";
				PRODUCT_NAME = "$(TARGET_NAME)";
				SWIFT_EMIT_LOC_STRINGS = YES;
				SWIFT_VERSION = 5.0;
				TARGETED_DEVICE_FAMILY = "1,2";
			};
			name = Debug;
		};
		36C876F72B2A68E10020AA76 /* Release */ = {
			isa = XCBuildConfiguration;
			buildSettings = {
				ASSETCATALOG_COMPILER_APPICON_NAME = AppIcon;
				ASSETCATALOG_COMPILER_GLOBAL_ACCENT_COLOR_NAME = AccentColor;
				CODE_SIGN_STYLE = Automatic;
				CURRENT_PROJECT_VERSION = 1;
				DEVELOPMENT_ASSET_PATHS = "\"Rick-and-Morty-VASS/Preview Content\"";
				DEVELOPMENT_TEAM = P34TF3795N;
				ENABLE_PREVIEWS = YES;
				GENERATE_INFOPLIST_FILE = YES;
				INFOPLIST_KEY_UIApplicationSceneManifest_Generation = YES;
				INFOPLIST_KEY_UIApplicationSupportsIndirectInputEvents = YES;
				INFOPLIST_KEY_UILaunchScreen_Generation = YES;
				INFOPLIST_KEY_UISupportedInterfaceOrientations_iPad = "UIInterfaceOrientationPortrait UIInterfaceOrientationPortraitUpsideDown UIInterfaceOrientationLandscapeLeft UIInterfaceOrientationLandscapeRight";
				INFOPLIST_KEY_UISupportedInterfaceOrientations_iPhone = "UIInterfaceOrientationPortrait UIInterfaceOrientationLandscapeLeft UIInterfaceOrientationLandscapeRight";
				LD_RUNPATH_SEARCH_PATHS = (
					"$(inherited)",
					"@executable_path/Frameworks",
				);
				MARKETING_VERSION = 1.0;
				PRODUCT_BUNDLE_IDENTIFIER = "Juancho.Rick-and-Morty-VASS";
				PRODUCT_NAME = "$(TARGET_NAME)";
				SWIFT_EMIT_LOC_STRINGS = YES;
				SWIFT_VERSION = 5.0;
				TARGETED_DEVICE_FAMILY = "1,2";
			};
			name = Release;
		};
		36C876F92B2A68E10020AA76 /* Debug */ = {
			isa = XCBuildConfiguration;
			buildSettings = {
				ALWAYS_EMBED_SWIFT_STANDARD_LIBRARIES = YES;
				BUNDLE_LOADER = "$(TEST_HOST)";
				CODE_SIGN_STYLE = Automatic;
				CURRENT_PROJECT_VERSION = 1;
				DEVELOPMENT_TEAM = P34TF3795N;
				GENERATE_INFOPLIST_FILE = YES;
				IPHONEOS_DEPLOYMENT_TARGET = 17.0;
				MARKETING_VERSION = 1.0;
				PRODUCT_BUNDLE_IDENTIFIER = "Juancho.Rick-and-Morty-VASSTests";
				PRODUCT_NAME = "$(TARGET_NAME)";
				SWIFT_EMIT_LOC_STRINGS = NO;
				SWIFT_VERSION = 5.0;
				TARGETED_DEVICE_FAMILY = "1,2";
				TEST_HOST = "$(BUILT_PRODUCTS_DIR)/Rick-and-Morty-VASS.app/$(BUNDLE_EXECUTABLE_FOLDER_PATH)/Rick-and-Morty-VASS";
			};
			name = Debug;
		};
		36C876FA2B2A68E10020AA76 /* Release */ = {
			isa = XCBuildConfiguration;
			buildSettings = {
				ALWAYS_EMBED_SWIFT_STANDARD_LIBRARIES = YES;
				BUNDLE_LOADER = "$(TEST_HOST)";
				CODE_SIGN_STYLE = Automatic;
				CURRENT_PROJECT_VERSION = 1;
				DEVELOPMENT_TEAM = P34TF3795N;
				GENERATE_INFOPLIST_FILE = YES;
				IPHONEOS_DEPLOYMENT_TARGET = 17.0;
				MARKETING_VERSION = 1.0;
				PRODUCT_BUNDLE_IDENTIFIER = "Juancho.Rick-and-Morty-VASSTests";
				PRODUCT_NAME = "$(TARGET_NAME)";
				SWIFT_EMIT_LOC_STRINGS = NO;
				SWIFT_VERSION = 5.0;
				TARGETED_DEVICE_FAMILY = "1,2";
				TEST_HOST = "$(BUILT_PRODUCTS_DIR)/Rick-and-Morty-VASS.app/$(BUNDLE_EXECUTABLE_FOLDER_PATH)/Rick-and-Morty-VASS";
			};
			name = Release;
		};
		36C876FC2B2A68E10020AA76 /* Debug */ = {
			isa = XCBuildConfiguration;
			buildSettings = {
				ALWAYS_EMBED_SWIFT_STANDARD_LIBRARIES = YES;
				CODE_SIGN_STYLE = Automatic;
				CURRENT_PROJECT_VERSION = 1;
				DEVELOPMENT_TEAM = P34TF3795N;
				GENERATE_INFOPLIST_FILE = YES;
				MARKETING_VERSION = 1.0;
				PRODUCT_BUNDLE_IDENTIFIER = "Juancho.Rick-and-Morty-VASSUITests";
				PRODUCT_NAME = "$(TARGET_NAME)";
				SWIFT_EMIT_LOC_STRINGS = NO;
				SWIFT_VERSION = 5.0;
				TARGETED_DEVICE_FAMILY = "1,2";
				TEST_TARGET_NAME = "Rick-and-Morty-VASS";
			};
			name = Debug;
		};
		36C876FD2B2A68E10020AA76 /* Release */ = {
			isa = XCBuildConfiguration;
			buildSettings = {
				ALWAYS_EMBED_SWIFT_STANDARD_LIBRARIES = YES;
				CODE_SIGN_STYLE = Automatic;
				CURRENT_PROJECT_VERSION = 1;
				DEVELOPMENT_TEAM = P34TF3795N;
				GENERATE_INFOPLIST_FILE = YES;
				MARKETING_VERSION = 1.0;
				PRODUCT_BUNDLE_IDENTIFIER = "Juancho.Rick-and-Morty-VASSUITests";
				PRODUCT_NAME = "$(TARGET_NAME)";
				SWIFT_EMIT_LOC_STRINGS = NO;
				SWIFT_VERSION = 5.0;
				TARGETED_DEVICE_FAMILY = "1,2";
				TEST_TARGET_NAME = "Rick-and-Morty-VASS";
			};
			name = Release;
		};
/* End XCBuildConfiguration section */

/* Begin XCConfigurationList section */
		36C876CC2B2A68E00020AA76 /* Build configuration list for PBXProject "Rick-and-Morty-VASS" */ = {
			isa = XCConfigurationList;
			buildConfigurations = (
				36C876F32B2A68E10020AA76 /* Debug */,
				36C876F42B2A68E10020AA76 /* Release */,
			);
			defaultConfigurationIsVisible = 0;
			defaultConfigurationName = Release;
		};
		36C876F52B2A68E10020AA76 /* Build configuration list for PBXNativeTarget "Rick-and-Morty-VASS" */ = {
			isa = XCConfigurationList;
			buildConfigurations = (
				36C876F62B2A68E10020AA76 /* Debug */,
				36C876F72B2A68E10020AA76 /* Release */,
			);
			defaultConfigurationIsVisible = 0;
			defaultConfigurationName = Release;
		};
		36C876F82B2A68E10020AA76 /* Build configuration list for PBXNativeTarget "Rick-and-Morty-VASSTests" */ = {
			isa = XCConfigurationList;
			buildConfigurations = (
				36C876F92B2A68E10020AA76 /* Debug */,
				36C876FA2B2A68E10020AA76 /* Release */,
			);
			defaultConfigurationIsVisible = 0;
			defaultConfigurationName = Release;
		};
		36C876FB2B2A68E10020AA76 /* Build configuration list for PBXNativeTarget "Rick-and-Morty-VASSUITests" */ = {
			isa = XCConfigurationList;
			buildConfigurations = (
				36C876FC2B2A68E10020AA76 /* Debug */,
				36C876FD2B2A68E10020AA76 /* Release */,
			);
			defaultConfigurationIsVisible = 0;
			defaultConfigurationName = Release;
		};
/* End XCConfigurationList section */
	};
	rootObject = 36C876C92B2A68E00020AA76 /* Project object */;
}
